
Microsoft Visual Studio Solution File, Format Version 12.00
# Visual Studio Version 17
VisualStudioVersion = 17.10.35004.147
MinimumVisualStudioVersion = 10.0.40219.1
Project("{9A19103F-16F7-4668-BE54-9A1E7A4F7556}") = "ChatApp.DAL", "ChatApp.DAL\ChatApp.DAL.csproj", "{198CEC82-A65D-43FB-ADC6-78680DA5A320}"
EndProject
Project("{9A19103F-16F7-4668-BE54-9A1E7A4F7556}") = "ChatApp.DOMAIN", "ChatApp.DOMAIN\ChatApp.DOMAIN.csproj", "{5D274243-A6D0-45F7-A0D0-CF0DF3560A28}"
	ProjectSection(ProjectDependencies) = postProject
		{198CEC82-A65D-43FB-ADC6-78680DA5A320} = {198CEC82-A65D-43FB-ADC6-78680DA5A320}
	EndProjectSection
EndProject
Project("{9A19103F-16F7-4668-BE54-9A1E7A4F7556}") = "ChatApp.WebAPI", "ChatApp.WebAPI\ChatApp.WebAPI.csproj", "{BB6BD082-95E8-4E39-9112-CE5BB2A3DDB8}"
	ProjectSection(ProjectDependencies) = postProject
		{5D274243-A6D0-45F7-A0D0-CF0DF3560A28} = {5D274243-A6D0-45F7-A0D0-CF0DF3560A28}
	EndProjectSection
EndProject
Project("{9A19103F-16F7-4668-BE54-9A1E7A4F7556}") = "ChatApp.Test", "ChatApp.Test\ChatApp.Test.csproj", "{76ADF8B4-FEB9-4187-8128-CDA2084A48D7}"
	ProjectSection(ProjectDependencies) = postProject
		{198CEC82-A65D-43FB-ADC6-78680DA5A320} = {198CEC82-A65D-43FB-ADC6-78680DA5A320}
		{5D274243-A6D0-45F7-A0D0-CF0DF3560A28} = {5D274243-A6D0-45F7-A0D0-CF0DF3560A28}
		{BB6BD082-95E8-4E39-9112-CE5BB2A3DDB8} = {BB6BD082-95E8-4E39-9112-CE5BB2A3DDB8}
	EndProjectSection
EndProject
Global
	GlobalSection(SolutionConfigurationPlatforms) = preSolution
		Debug|Any CPU = Debug|Any CPU
		Release|Any CPU = Release|Any CPU
	EndGlobalSection
	GlobalSection(ProjectConfigurationPlatforms) = postSolution
		{198CEC82-A65D-43FB-ADC6-78680DA5A320}.Debug|Any CPU.ActiveCfg = Debug|Any CPU
		{198CEC82-A65D-43FB-ADC6-78680DA5A320}.Debug|Any CPU.Build.0 = Debug|Any CPU
		{198CEC82-A65D-43FB-ADC6-78680DA5A320}.Release|Any CPU.ActiveCfg = Release|Any CPU
		{198CEC82-A65D-43FB-ADC6-78680DA5A320}.Release|Any CPU.Build.0 = Release|Any CPU
		{5D274243-A6D0-45F7-A0D0-CF0DF3560A28}.Debug|Any CPU.ActiveCfg = Debug|Any CPU
		{5D274243-A6D0-45F7-A0D0-CF0DF3560A28}.Debug|Any CPU.Build.0 = Debug|Any CPU
		{5D274243-A6D0-45F7-A0D0-CF0DF3560A28}.Release|Any CPU.ActiveCfg = Release|Any CPU
		{5D274243-A6D0-45F7-A0D0-CF0DF3560A28}.Release|Any CPU.Build.0 = Release|Any CPU
		{BB6BD082-95E8-4E39-9112-CE5BB2A3DDB8}.Debug|Any CPU.ActiveCfg = Debug|Any CPU
		{BB6BD082-95E8-4E39-9112-CE5BB2A3DDB8}.Debug|Any CPU.Build.0 = Debug|Any CPU
		{BB6BD082-95E8-4E39-9112-CE5BB2A3DDB8}.Release|Any CPU.ActiveCfg = Release|Any CPU
		{BB6BD082-95E8-4E39-9112-CE5BB2A3DDB8}.Release|Any CPU.Build.0 = Release|Any CPU
		{76ADF8B4-FEB9-4187-8128-CDA2084A48D7}.Debug|Any CPU.ActiveCfg = Debug|Any CPU
		{76ADF8B4-FEB9-4187-8128-CDA2084A48D7}.Debug|Any CPU.Build.0 = Debug|Any CPU
		{76ADF8B4-FEB9-4187-8128-CDA2084A48D7}.Release|Any CPU.ActiveCfg = Release|Any CPU
		{76ADF8B4-FEB9-4187-8128-CDA2084A48D7}.Release|Any CPU.Build.0 = Release|Any CPU
	EndGlobalSection
	GlobalSection(SolutionProperties) = preSolution
		HideSolutionNode = FALSE
	EndGlobalSection
	GlobalSection(ExtensibilityGlobals) = postSolution
		SolutionGuid = {A012F6BF-E923-4746-A120-3DE1436D7A5C}
	EndGlobalSection
EndGlobal
